// !$*UTF8*$!
{
	archiveVersion = 1;
	classes = {
	};
	objectVersion = 50;
	objects = {

/* Begin PBXBuildFile section */
		D59E43D621C5ACF30044ACB9 /* AppDelegate.swift in Sources */ = {isa = PBXBuildFile; fileRef = D59E43D521C5ACF30044ACB9 /* AppDelegate.swift */; };
		D59E43D821C5ACF30044ACB9 /* ViewController.swift in Sources */ = {isa = PBXBuildFile; fileRef = D59E43D721C5ACF30044ACB9 /* ViewController.swift */; };
		D59E43DB21C5ACF30044ACB9 /* Main.storyboard in Resources */ = {isa = PBXBuildFile; fileRef = D59E43D921C5ACF30044ACB9 /* Main.storyboard */; };
		D59E43DD21C5ACF50044ACB9 /* Assets.xcassets in Resources */ = {isa = PBXBuildFile; fileRef = D59E43DC21C5ACF50044ACB9 /* Assets.xcassets */; };
		D59E43E021C5ACF50044ACB9 /* LaunchScreen.storyboard in Resources */ = {isa = PBXBuildFile; fileRef = D59E43DE21C5ACF50044ACB9 /* LaunchScreen.storyboard */; };
		D59E43E921C7F9870044ACB9 /* Extensions+UIView.swift in Sources */ = {isa = PBXBuildFile; fileRef = D59E43E821C7F9870044ACB9 /* Extensions+UIView.swift */; };
/* End PBXBuildFile section */

/* Begin PBXFileReference section */
		D59E43D221C5ACF30044ACB9 /* TinderOnCrack.app */ = {isa = PBXFileReference; explicitFileType = wrapper.application; includeInIndex = 0; path = TinderOnCrack.app; sourceTree = BUILT_PRODUCTS_DIR; };
		D59E43D521C5ACF30044ACB9 /* AppDelegate.swift */ = {isa = PBXFileReference; lastKnownFileType = sourcecode.swift; path = AppDelegate.swift; sourceTree = "<group>"; };
		D59E43D721C5ACF30044ACB9 /* ViewController.swift */ = {isa = PBXFileReference; lastKnownFileType = sourcecode.swift; path = ViewController.swift; sourceTree = "<group>"; };
		D59E43DA21C5ACF30044ACB9 /* Base */ = {isa = PBXFileReference; lastKnownFileType = file.storyboard; name = Base; path = Base.lproj/Main.storyboard; sourceTree = "<group>"; };
		D59E43DC21C5ACF50044ACB9 /* Assets.xcassets */ = {isa = PBXFileReference; lastKnownFileType = folder.assetcatalog; path = Assets.xcassets; sourceTree = "<group>"; };
		D59E43DF21C5ACF50044ACB9 /* Base */ = {isa = PBXFileReference; lastKnownFileType = file.storyboard; name = Base; path = Base.lproj/LaunchScreen.storyboard; sourceTree = "<group>"; };
		D59E43E121C5ACF50044ACB9 /* Info.plist */ = {isa = PBXFileReference; lastKnownFileType = text.plist.xml; path = Info.plist; sourceTree = "<group>"; };
		D59E43E821C7F9870044ACB9 /* Extensions+UIView.swift */ = {isa = PBXFileReference; lastKnownFileType = sourcecode.swift; path = "Extensions+UIView.swift"; sourceTree = "<group>"; };
/* End PBXFileReference section */

/* Begin PBXFrameworksBuildPhase section */
		D59E43CF21C5ACF30044ACB9 /* Frameworks */ = {
			isa = PBXFrameworksBuildPhase;
			buildActionMask = 2147483647;
			files = (
			);
			runOnlyForDeploymentPostprocessing = 0;
		};
/* End PBXFrameworksBuildPhase section */

/* Begin PBXGroup section */
		D59E43C921C5ACF30044ACB9 = {
			isa = PBXGroup;
			children = (
				D59E43D421C5ACF30044ACB9 /* TinderOnCrack */,
				D59E43D321C5ACF30044ACB9 /* Products */,
			);
			sourceTree = "<group>";
		};
		D59E43D321C5ACF30044ACB9 /* Products */ = {
			isa = PBXGroup;
			children = (
				D59E43D221C5ACF30044ACB9 /* TinderOnCrack.app */,
			);
			name = Products;
			sourceTree = "<group>";
		};
		D59E43D421C5ACF30044ACB9 /* TinderOnCrack */ = {
			isa = PBXGroup;
			children = (
				D59E43E721C7F9410044ACB9 /* Extensions */,
				D59E43D521C5ACF30044ACB9 /* AppDelegate.swift */,
				D59E43D721C5ACF30044ACB9 /* ViewController.swift */,
				D59E43D921C5ACF30044ACB9 /* Main.storyboard */,
				D59E43DC21C5ACF50044ACB9 /* Assets.xcassets */,
				D59E43DE21C5ACF50044ACB9 /* LaunchScreen.storyboard */,
				D59E43E121C5ACF50044ACB9 /* Info.plist */,
			);
			path = TinderOnCrack;
			sourceTree = "<group>";
		};
		D59E43E721C7F9410044ACB9 /* Extensions */ = {
			isa = PBXGroup;
			children = (
				D59E43E821C7F9870044ACB9 /* Extensions+UIView.swift */,
			);
			path = Extensions;
			sourceTree = "<group>";
		};
/* End PBXGroup section */

/* Begin PBXNativeTarget section */
		D59E43D121C5ACF30044ACB9 /* TinderOnCrack */ = {
			isa = PBXNativeTarget;
			buildConfigurationList = D59E43E421C5ACF50044ACB9 /* Build configuration list for PBXNativeTarget "TinderOnCrack" */;
			buildPhases = (
				D59E43CE21C5ACF30044ACB9 /* Sources */,
				D59E43CF21C5ACF30044ACB9 /* Frameworks */,
				D59E43D021C5ACF30044ACB9 /* Resources */,
			);
			buildRules = (
			);
			dependencies = (
			);
			name = TinderOnCrack;
			productName = TinderOnCrack;
			productReference = D59E43D221C5ACF30044ACB9 /* TinderOnCrack.app */;
			productType = "com.apple.product-type.application";
		};
/* End PBXNativeTarget section */

/* Begin PBXProject section */
		D59E43CA21C5ACF30044ACB9 /* Project object */ = {
			isa = PBXProject;
			attributes = {
				LastSwiftUpdateCheck = 1010;
				LastUpgradeCheck = 1010;
				ORGANIZATIONNAME = "Shannen Bravo-Brown";
				TargetAttributes = {
					D59E43D121C5ACF30044ACB9 = {
						CreatedOnToolsVersion = 10.1;
					};
				};
			};
			buildConfigurationList = D59E43CD21C5ACF30044ACB9 /* Build configuration list for PBXProject "TinderOnCrack" */;
			compatibilityVersion = "Xcode 9.3";
			developmentRegion = en;
			hasScannedForEncodings = 0;
			knownRegions = (
				en,
				Base,
			);
			mainGroup = D59E43C921C5ACF30044ACB9;
			productRefGroup = D59E43D321C5ACF30044ACB9 /* Products */;
			projectDirPath = "";
			projectRoot = "";
			targets = (
				D59E43D121C5ACF30044ACB9 /* TinderOnCrack */,
			);
		};
/* End PBXProject section */

/* Begin PBXResourcesBuildPhase section */
		D59E43D021C5ACF30044ACB9 /* Resources */ = {
			isa = PBXResourcesBuildPhase;
			buildActionMask = 2147483647;
			files = (
				D59E43E021C5ACF50044ACB9 /* LaunchScreen.storyboard in Resources */,
				D59E43DD21C5ACF50044ACB9 /* Assets.xcassets in Resources */,
				D59E43DB21C5ACF30044ACB9 /* Main.storyboard in Resources */,
			);
			runOnlyForDeploymentPostprocessing = 0;
		};
/* End PBXResourcesBuildPhase section */

/* Begin PBXSourcesBuildPhase section */
		D59E43CE21C5ACF30044ACB9 /* Sources */ = {
			isa = PBXSourcesBuildPhase;
			buildActionMask = 2147483647;
			files = (
				D59E43D821C5ACF30044ACB9 /* ViewController.swift in Sources */,
				D59E43D621C5ACF30044ACB9 /* AppDelegate.swift in Sources */,
				D59E43E921C7F9870044ACB9 /* Extensions+UIView.swift in Sources */,
			);
			runOnlyForDeploymentPostprocessing = 0;
		};
/* End PBXSourcesBuildPhase section */

/* Begin PBXVariantGroup section */
		D59E43D921C5ACF30044ACB9 /* Main.storyboard */ = {
			isa = PBXVariantGroup;
			children = (
				D59E43DA21C5ACF30044ACB9 /* Base */,
			);
			name = Main.storyboard;
			sourceTree = "<group>";
		};
		D59E43DE21C5ACF50044ACB9 /* LaunchScreen.storyboard */ = {
			isa = PBXVariantGroup;
			children = (
				D59E43DF21C5ACF50044ACB9 /* Base */,
			);
			name = LaunchScreen.storyboard;
			sourceTree = "<group>";
		};
/* End PBXVariantGroup section */

/* Begin XCBuildConfiguration section */
		D59E43E221C5ACF50044ACB9 /* Debug */ = {
			isa = XCBuildConfiguration;
			buildSettings = {
				ALWAYS_SEARCH_USER_PATHS = NO;
				CLANG_ANALYZER_NONNULL = YES;
				CLANG_ANALYZER_NUMBER_OBJECT_CONVERSION = YES_AGGRESSIVE;
				CLANG_CXX_LANGUAGE_STANDARD = "gnu++14";
				CLANG_CXX_LIBRARY = "libc++";
				CLANG_ENABLE_MODULES = YES;
				CLANG_ENABLE_OBJC_ARC = YES;
				CLANG_ENABLE_OBJC_WEAK = YES;
				CLANG_WARN_BLOCK_CAPTURE_AUTORELEASING = YES;
				CLANG_WARN_BOOL_CONVERSION = YES;
				CLANG_WARN_COMMA = YES;
				CLANG_WARN_CONSTANT_CONVERSION = YES;
				CLANG_WARN_DEPRECATED_OBJC_IMPLEMENTATIONS = YES;
				CLANG_WARN_DIRECT_OBJC_ISA_USAGE = YES_ERROR;
				CLANG_WARN_DOCUMENTATION_COMMENTS = YES;
				CLANG_WARN_EMPTY_BODY = YES;
				CLANG_WARN_ENUM_CONVERSION = YES;
				CLANG_WARN_INFINITE_RECURSION = YES;
				CLANG_WARN_INT_CONVERSION = YES;
				CLANG_WARN_NON_LITERAL_NULL_CONVERSION = YES;
				CLANG_WARN_OBJC_IMPLICIT_RETAIN_SELF = YES;
				CLANG_WARN_OBJC_LITERAL_CONVERSION = YES;
				CLANG_WARN_OBJC_ROOT_CLASS = YES_ERROR;
				CLANG_WARN_RANGE_LOOP_ANALYSIS = YES;
				CLANG_WARN_STRICT_PROTOTYPES = YES;
				CLANG_WARN_SUSPICIOUS_MOVE = YES;
				CLANG_WARN_UNGUARDED_AVAILABILITY = YES_AGGRESSIVE;
				CLANG_WARN_UNREACHABLE_CODE = YES;
				CLANG_WARN__DUPLICATE_METHOD_MATCH = YES;
				CODE_SIGN_IDENTITY = "iPhone Developer";
				COPY_PHASE_STRIP = NO;
				DEBUG_INFORMATION_FORMAT = dwarf;
				ENABLE_STRICT_OBJC_MSGSEND = YES;
				ENABLE_TESTABILITY = YES;
				GCC_C_LANGUAGE_STANDARD = gnu11;
				GCC_DYNAMIC_NO_PIC = NO;
				GCC_NO_COMMON_BLOCKS = YES;
				GCC_OPTIMIZATION_LEVEL = 0;
				GCC_PREPROCESSOR_DEFINITIONS = (
					"DEBUG=1",
					"$(inherited)",
				);
				GCC_WARN_64_TO_32_BIT_CONVERSION = YES;
				GCC_WARN_ABOUT_RETURN_TYPE = YES_ERROR;
				GCC_WARN_UNDECLARED_SELECTOR = YES;
				GCC_WARN_UNINITIALIZED_AUTOS = YES_AGGRESSIVE;
				GCC_WARN_UNUSED_FUNCTION = YES;
				GCC_WARN_UNUSED_VARIABLE = YES;
				IPHONEOS_DEPLOYMENT_TARGET = 12.1;
				MTL_ENABLE_DEBUG_INFO = INCLUDE_SOURCE;
				MTL_FAST_MATH = YES;
				ONLY_ACTIVE_ARCH = YES;
				SDKROOT = iphoneos;
				SWIFT_ACTIVE_COMPILATION_CONDITIONS = DEBUG;
				SWIFT_OPTIMIZATION_LEVEL = "-Onone";
			};
			name = Debug;
		};
		D59E43E321C5ACF50044ACB9 /* Release */ = {
			isa = XCBuildConfiguration;
			buildSettings = {
				ALWAYS_SEARCH_USER_PATHS = NO;
				CLANG_ANALYZER_NONNULL = YES;
				CLANG_ANALYZER_NUMBER_OBJECT_CONVERSION = YES_AGGRESSIVE;
				CLANG_CXX_LANGUAGE_STANDARD = "gnu++14";
				CLANG_CXX_LIBRARY = "libc++";
				CLANG_ENABLE_MODULES = YES;
				CLANG_ENABLE_OBJC_ARC = YES;
				CLANG_ENABLE_OBJC_WEAK = YES;
				CLANG_WARN_BLOCK_CAPTURE_AUTORELEASING = YES;
				CLANG_WARN_BOOL_CONVERSION = YES;
				CLANG_WARN_COMMA = YES;
				CLANG_WARN_CONSTANT_CONVERSION = YES;
				CLANG_WARN_DEPRECATED_OBJC_IMPLEMENTATIONS = YES;
				CLANG_WARN_DIRECT_OBJC_ISA_USAGE = YES_ERROR;
				CLANG_WARN_DOCUMENTATION_COMMENTS = YES;
				CLANG_WARN_EMPTY_BODY = YES;
				CLANG_WARN_ENUM_CONVERSION = YES;
				CLANG_WARN_INFINITE_RECURSION = YES;
				CLANG_WARN_INT_CONVERSION = YES;
				CLANG_WARN_NON_LITERAL_NULL_CONVERSION = YES;
				CLANG_WARN_OBJC_IMPLICIT_RETAIN_SELF = YES;
				CLANG_WARN_OBJC_LITERAL_CONVERSION = YES;
				CLANG_WARN_OBJC_ROOT_CLASS = YES_ERROR;
				CLANG_WARN_RANGE_LOOP_ANALYSIS = YES;
				CLANG_WARN_STRICT_PROTOTYPES = YES;
				CLANG_WARN_SUSPICIOUS_MOVE = YES;
				CLANG_WARN_UNGUARDED_AVAILABILITY = YES_AGGRESSIVE;
				CLANG_WARN_UNREACHABLE_CODE = YES;
				CLANG_WARN__DUPLICATE_METHOD_MATCH = YES;
				CODE_SIGN_IDENTITY = "iPhone Developer";
				COPY_PHASE_STRIP = NO;
				DEBUG_INFORMATION_FORMAT = "dwarf-with-dsym";
				ENABLE_NS_ASSERTIONS = NO;
				ENABLE_STRICT_OBJC_MSGSEND = YES;
				GCC_C_LANGUAGE_STANDARD = gnu11;
				GCC_NO_COMMON_BLOCKS = YES;
				GCC_WARN_64_TO_32_BIT_CONVERSION = YES;
				GCC_WARN_ABOUT_RETURN_TYPE = YES_ERROR;
				GCC_WARN_UNDECLARED_SELECTOR = YES;
				GCC_WARN_UNINITIALIZED_AUTOS = YES_AGGRESSIVE;
				GCC_WARN_UNUSED_FUNCTION = YES;
				GCC_WARN_UNUSED_VARIABLE = YES;
				IPHONEOS_DEPLOYMENT_TARGET = 12.1;
				MTL_ENABLE_DEBUG_INFO = NO;
				MTL_FAST_MATH = YES;
				SDKROOT = iphoneos;
				SWIFT_COMPILATION_MODE = wholemodule;
				SWIFT_OPTIMIZATION_LEVEL = "-O";
				VALIDATE_PRODUCT = YES;
			};
			name = Release;
		};
		D59E43E521C5ACF50044ACB9 /* Debug */ = {
			isa = XCBuildConfiguration;
			buildSettings = {
				ASSETCATALOG_COMPILER_APPICON_NAME = AppIcon;
				CODE_SIGN_STYLE = Automatic;
				INFOPLIST_FILE = TinderOnCrack/Info.plist;
				LD_RUNPATH_SEARCH_PATHS = (
					"$(inherited)",
					"@executable_path/Frameworks",
				);
				PRODUCT_BUNDLE_IDENTIFIER = "com.iBravo-.TinderOnCrack";
				PRODUCT_NAME = "$(TARGET_NAME)";
				SWIFT_VERSION = 4.2;
				TARGETED_DEVICE_FAMILY = "1,2";
			};
			name = Debug;
		};
		D59E43E621C5ACF50044ACB9 /* Release */ = {
			isa = XCBuildConfiguration;
			buildSettings = {
				ASSETCATALOG_COMPILER_APPICON_NAME = AppIcon;
				CODE_SIGN_STYLE = Automatic;
				INFOPLIST_FILE = TinderOnCrack/Info.plist;
				LD_RUNPATH_SEARCH_PATHS = (
					"$(inherited)",
					"@executable_path/Frameworks",
				);
				PRODUCT_BUNDLE_IDENTIFIER = "com.iBravo-.TinderOnCrack";
				PRODUCT_NAME = "$(TARGET_NAME)";
				SWIFT_VERSION = 4.2;
				TARGETED_DEVICE_FAMILY = "1,2";
			};
			name = Release;
		};
/* End XCBuildConfiguration section */

/* Begin XCConfigurationList section */
		D59E43CD21C5ACF30044ACB9 /* Build configuration list for PBXProject "TinderOnCrack" */ = {
			isa = XCConfigurationList;
			buildConfigurations = (
				D59E43E221C5ACF50044ACB9 /* Debug */,
				D59E43E321C5ACF50044ACB9 /* Release */,
			);
			defaultConfigurationIsVisible = 0;
			defaultConfigurationName = Release;
		};
		D59E43E421C5ACF50044ACB9 /* Build configuration list for PBXNativeTarget "TinderOnCrack" */ = {
			isa = XCConfigurationList;
			buildConfigurations = (
				D59E43E521C5ACF50044ACB9 /* Debug */,
				D59E43E621C5ACF50044ACB9 /* Release */,
			);
			defaultConfigurationIsVisible = 0;
			defaultConfigurationName = Release;
		};
/* End XCConfigurationList section */
	};
	rootObject = D59E43CA21C5ACF30044ACB9 /* Project object */;
}
